# This file is automatically @generated by Cargo.
# It is not intended for manual editing.
version = 4

[[package]]
name = "wasdb_btree"
version = "0.1.0"

[[package]]
name = "wasdb_buffer"
version = "0.1.0"

[[package]]
name = "wasdb_catalog"
version = "0.1.0"

[[package]]
name = "wasdb_cli"
version = "0.1.0"

[[package]]
name = "wasdb_page"
version = "0.1.0"

[[package]]
name = "wasdb_query"
version = "0.1.0"

[[package]]
name = "wasdb_storage"
version = "0.1.0"
